dependencies:
- name: redis
  repository: https://charts.bitnami.com/bitnami
  version: 22.0.7
- name: mongodb
  repository: https://charts.bitnami.com/bitnami
  version: 16.5.45
- name: nats
  repository: https://nats-io.github.io/k8s/helm/charts/
  version: 0.19.17
digest: sha256:a928b911cb959b9e011650f4599bfdf4377e35f3ec54e21632ad56a1da48bca6
generated: "2025-09-19T06:51:49.214224363+02:00"
