dependencies:
- name: redis
  repository: https://charts.bitnami.com/bitnami
  version: 17.11.8
- name: mongodb
  repository: https://charts.bitnami.com/bitnami
  version: 13.9.4
- name: nats
  repository: https://nats-io.github.io/k8s/helm/charts/
  version: 0.19.17
digest: sha256:2fe4f62fffc45717346f7a4a0c27d9211c35fae8795fea35a8415b82b5ea9010
generated: "2023-09-11T15:34:05.063890491+02:00"
