dependencies:
- name: redis
  repository: https://charts.bitnami.com/bitnami
  version: 17.11.8
- name: mongodb
  repository: https://charts.bitnami.com/bitnami
  version: 13.18.5
- name: nats
  repository: https://nats-io.github.io/k8s/helm/charts/
  version: 0.15.1
digest: sha256:cae9814fec85d699107ec906993eb0a986bbb989d5bffd9e909e52d4616bff53
generated: "2024-02-27T13:58:10.009454096+01:00"
